
Microsoft Visual Studio Solution File, Format Version 12.00
# Visual Studio 2012
Project("{FAE04EC0-301F-11D3-BF4B-00C04F79EFBC}") = "RunAsWrapper", "ra\RunAsWrapper.csproj", "{718F0F4F-1289-4E92-B2C1-8185159C9D5A}"
EndProject
Project("{FAE04EC0-301F-11D3-BF4B-00C04F79EFBC}") = "RunAsWrapper.Core", "Hosting\RunAsWrapper.Core.csproj", "{66654249-E16F-42AB-9029-B9B57793E9C1}"
EndProject
Project("{FAE04EC0-301F-11D3-BF4B-00C04F79EFBC}") = "RunAsWrapper.Configuration", "host\RunAsWrapper.Configuration.csproj", "{1C1823E4-468B-4104-85FF-4AAC32331ADD}"
EndProject
Project("{FAE04EC0-301F-11D3-BF4B-00C04F79EFBC}") = "RunAsWrapper.Core.Tests", "Hosting.Tests\RunAsWrapper.Core.Tests.csproj", "{A1745132-6187-4E80-87C7-C47A72E9E31B}"
EndProject
Global
	GlobalSection(SolutionConfigurationPlatforms) = preSolution
		Debug|Any CPU = Debug|Any CPU
		Debug|Mixed Platforms = Debug|Mixed Platforms
		Debug|x86 = Debug|x86
		Release|Any CPU = Release|Any CPU
		Release|Mixed Platforms = Release|Mixed Platforms
		Release|x86 = Release|x86
	EndGlobalSection
	GlobalSection(ProjectConfigurationPlatforms) = postSolution
		{718F0F4F-1289-4E92-B2C1-8185159C9D5A}.Debug|Any CPU.ActiveCfg = Debug|Any CPU
		{718F0F4F-1289-4E92-B2C1-8185159C9D5A}.Debug|Any CPU.Build.0 = Debug|Any CPU
		{718F0F4F-1289-4E92-B2C1-8185159C9D5A}.Debug|Mixed Platforms.ActiveCfg = Debug|Any CPU
		{718F0F4F-1289-4E92-B2C1-8185159C9D5A}.Debug|Mixed Platforms.Build.0 = Debug|Any CPU
		{718F0F4F-1289-4E92-B2C1-8185159C9D5A}.Debug|x86.ActiveCfg = Debug|Any CPU
		{718F0F4F-1289-4E92-B2C1-8185159C9D5A}.Release|Any CPU.ActiveCfg = Release|Any CPU
		{718F0F4F-1289-4E92-B2C1-8185159C9D5A}.Release|Any CPU.Build.0 = Release|Any CPU
		{718F0F4F-1289-4E92-B2C1-8185159C9D5A}.Release|Mixed Platforms.ActiveCfg = Release|Any CPU
		{718F0F4F-1289-4E92-B2C1-8185159C9D5A}.Release|Mixed Platforms.Build.0 = Release|Any CPU
		{718F0F4F-1289-4E92-B2C1-8185159C9D5A}.Release|x86.ActiveCfg = Release|Any CPU
		{66654249-E16F-42AB-9029-B9B57793E9C1}.Debug|Any CPU.ActiveCfg = Debug|Any CPU
		{66654249-E16F-42AB-9029-B9B57793E9C1}.Debug|Any CPU.Build.0 = Debug|Any CPU
		{66654249-E16F-42AB-9029-B9B57793E9C1}.Debug|Mixed Platforms.ActiveCfg = Debug|Any CPU
		{66654249-E16F-42AB-9029-B9B57793E9C1}.Debug|Mixed Platforms.Build.0 = Debug|Any CPU
		{66654249-E16F-42AB-9029-B9B57793E9C1}.Debug|x86.ActiveCfg = Debug|Any CPU
		{66654249-E16F-42AB-9029-B9B57793E9C1}.Release|Any CPU.ActiveCfg = Release|Any CPU
		{66654249-E16F-42AB-9029-B9B57793E9C1}.Release|Any CPU.Build.0 = Release|Any CPU
		{66654249-E16F-42AB-9029-B9B57793E9C1}.Release|Mixed Platforms.ActiveCfg = Release|Any CPU
		{66654249-E16F-42AB-9029-B9B57793E9C1}.Release|Mixed Platforms.Build.0 = Release|Any CPU
		{66654249-E16F-42AB-9029-B9B57793E9C1}.Release|x86.ActiveCfg = Release|Any CPU
		{1C1823E4-468B-4104-85FF-4AAC32331ADD}.Debug|Any CPU.ActiveCfg = Debug|Any CPU
		{1C1823E4-468B-4104-85FF-4AAC32331ADD}.Debug|Any CPU.Build.0 = Debug|Any CPU
		{1C1823E4-468B-4104-85FF-4AAC32331ADD}.Debug|Mixed Platforms.ActiveCfg = Debug|Any CPU
		{1C1823E4-468B-4104-85FF-4AAC32331ADD}.Debug|Mixed Platforms.Build.0 = Debug|Any CPU
		{1C1823E4-468B-4104-85FF-4AAC32331ADD}.Debug|x86.ActiveCfg = Debug|Any CPU
		{1C1823E4-468B-4104-85FF-4AAC32331ADD}.Release|Any CPU.ActiveCfg = Release|Any CPU
		{1C1823E4-468B-4104-85FF-4AAC32331ADD}.Release|Any CPU.Build.0 = Release|Any CPU
		{1C1823E4-468B-4104-85FF-4AAC32331ADD}.Release|Mixed Platforms.ActiveCfg = Release|Any CPU
		{1C1823E4-468B-4104-85FF-4AAC32331ADD}.Release|Mixed Platforms.Build.0 = Release|Any CPU
		{1C1823E4-468B-4104-85FF-4AAC32331ADD}.Release|x86.ActiveCfg = Release|Any CPU
		{A1745132-6187-4E80-87C7-C47A72E9E31B}.Debug|Any CPU.ActiveCfg = Debug|Any CPU
		{A1745132-6187-4E80-87C7-C47A72E9E31B}.Debug|Any CPU.Build.0 = Debug|Any CPU
		{A1745132-6187-4E80-87C7-C47A72E9E31B}.Debug|Mixed Platforms.ActiveCfg = Debug|Any CPU
		{A1745132-6187-4E80-87C7-C47A72E9E31B}.Debug|Mixed Platforms.Build.0 = Debug|Any CPU
		{A1745132-6187-4E80-87C7-C47A72E9E31B}.Debug|x86.ActiveCfg = Debug|Any CPU
		{A1745132-6187-4E80-87C7-C47A72E9E31B}.Release|Any CPU.ActiveCfg = Release|Any CPU
		{A1745132-6187-4E80-87C7-C47A72E9E31B}.Release|Any CPU.Build.0 = Release|Any CPU
		{A1745132-6187-4E80-87C7-C47A72E9E31B}.Release|Mixed Platforms.ActiveCfg = Release|Any CPU
		{A1745132-6187-4E80-87C7-C47A72E9E31B}.Release|Mixed Platforms.Build.0 = Release|Any CPU
		{A1745132-6187-4E80-87C7-C47A72E9E31B}.Release|x86.ActiveCfg = Release|Any CPU
	EndGlobalSection
	GlobalSection(SolutionProperties) = preSolution
		HideSolutionNode = FALSE
	EndGlobalSection
EndGlobal
